
Microsoft Visual Studio Solution File, Format Version 12.00
# Visual Studio Version 17
VisualStudioVersion = 17.1.32328.378
MinimumVisualStudioVersion = 10.0.40219.1
Project("{FAE04EC0-301F-11D3-BF4B-00C04F79EFBC}") = "EmpLine.prb", "EmpLine.prb.csproj", "{6A59B1C4-BCB6-46AC-9E0F-1C3B468DBE02}"
EndProject
Global
	GlobalSection(SolutionConfigurationPlatforms) = preSolution
		Debug|Any CPU = Debug|Any CPU
		Release|Any CPU = Release|Any CPU
	EndGlobalSection
	GlobalSection(ProjectConfigurationPlatforms) = postSolution
		{6A59B1C4-BCB6-46AC-9E0F-1C3B468DBE02}.Debug|Any CPU.ActiveCfg = Debug|Any CPU
		{6A59B1C4-BCB6-46AC-9E0F-1C3B468DBE02}.Debug|Any CPU.Build.0 = Debug|Any CPU
		{6A59B1C4-BCB6-46AC-9E0F-1C3B468DBE02}.Release|Any CPU.ActiveCfg = Release|Any CPU
		{6A59B1C4-BCB6-46AC-9E0F-1C3B468DBE02}.Release|Any CPU.Build.0 = Release|Any CPU
	EndGlobalSection
	GlobalSection(SolutionProperties) = preSolution
		HideSolutionNode = FALSE
	EndGlobalSection
	GlobalSection(ExtensibilityGlobals) = postSolution
		SolutionGuid = {7A8C5118-79BA-4D14-8870-437ECDFEEFF7}
	EndGlobalSection
EndGlobal
